
Microsoft Visual Studio Solution File, Format Version 12.00
# Visual Studio Version 17
VisualStudioVersion = 17.0.31606.5
MinimumVisualStudioVersion = 10.0.40219.1
Project("{9A19103F-16F7-4668-BE54-9A1E7A4F7556}") = "WebServer", "src\WebServer\WebServer.csproj", "{8DAF9C8C-7A8A-4A2B-984E-4EEE33C870D2}"
EndProject
Project("{9A19103F-16F7-4668-BE54-9A1E7A4F7556}") = "WebClient", "src\WebClient\WebClient.csproj", "{7AA584FA-41F2-4475-8A66-D2171DCF1B95}"
EndProject
Project("{9A19103F-16F7-4668-BE54-9A1E7A4F7556}") = "Share", "src\Share\Share.csproj", "{5A9D3175-F4CA-4EC4-867A-3B95ADF0AD02}"
EndProject
Project("{9A19103F-16F7-4668-BE54-9A1E7A4F7556}") = "ServerCore", "src\ServerCore\ServerCore.csproj", "{325320D8-94B0-4B20-A715-2FB59531DAD5}"
EndProject
Project("{9A19103F-16F7-4668-BE54-9A1E7A4F7556}") = "TaskServer", "src\TaskServer\TaskServer.csproj", "{330C00DF-F381-4E05-ABC1-24CA4B9B0894}"
EndProject
Global
	GlobalSection(SolutionConfigurationPlatforms) = preSolution
		Debug|Any CPU = Debug|Any CPU
		Release|Any CPU = Release|Any CPU
	EndGlobalSection
	GlobalSection(ProjectConfigurationPlatforms) = postSolution
		{8DAF9C8C-7A8A-4A2B-984E-4EEE33C870D2}.Debug|Any CPU.ActiveCfg = Debug|Any CPU
		{8DAF9C8C-7A8A-4A2B-984E-4EEE33C870D2}.Debug|Any CPU.Build.0 = Debug|Any CPU
		{8DAF9C8C-7A8A-4A2B-984E-4EEE33C870D2}.Release|Any CPU.ActiveCfg = Release|Any CPU
		{8DAF9C8C-7A8A-4A2B-984E-4EEE33C870D2}.Release|Any CPU.Build.0 = Release|Any CPU
		{7AA584FA-41F2-4475-8A66-D2171DCF1B95}.Debug|Any CPU.ActiveCfg = Debug|Any CPU
		{7AA584FA-41F2-4475-8A66-D2171DCF1B95}.Debug|Any CPU.Build.0 = Debug|Any CPU
		{7AA584FA-41F2-4475-8A66-D2171DCF1B95}.Release|Any CPU.ActiveCfg = Release|Any CPU
		{7AA584FA-41F2-4475-8A66-D2171DCF1B95}.Release|Any CPU.Build.0 = Release|Any CPU
		{5A9D3175-F4CA-4EC4-867A-3B95ADF0AD02}.Debug|Any CPU.ActiveCfg = Debug|Any CPU
		{5A9D3175-F4CA-4EC4-867A-3B95ADF0AD02}.Debug|Any CPU.Build.0 = Debug|Any CPU
		{5A9D3175-F4CA-4EC4-867A-3B95ADF0AD02}.Release|Any CPU.ActiveCfg = Release|Any CPU
		{5A9D3175-F4CA-4EC4-867A-3B95ADF0AD02}.Release|Any CPU.Build.0 = Release|Any CPU
		{325320D8-94B0-4B20-A715-2FB59531DAD5}.Debug|Any CPU.ActiveCfg = Debug|Any CPU
		{325320D8-94B0-4B20-A715-2FB59531DAD5}.Debug|Any CPU.Build.0 = Debug|Any CPU
		{325320D8-94B0-4B20-A715-2FB59531DAD5}.Release|Any CPU.ActiveCfg = Release|Any CPU
		{325320D8-94B0-4B20-A715-2FB59531DAD5}.Release|Any CPU.Build.0 = Release|Any CPU
		{330C00DF-F381-4E05-ABC1-24CA4B9B0894}.Debug|Any CPU.ActiveCfg = Debug|Any CPU
		{330C00DF-F381-4E05-ABC1-24CA4B9B0894}.Debug|Any CPU.Build.0 = Debug|Any CPU
		{330C00DF-F381-4E05-ABC1-24CA4B9B0894}.Release|Any CPU.ActiveCfg = Release|Any CPU
		{330C00DF-F381-4E05-ABC1-24CA4B9B0894}.Release|Any CPU.Build.0 = Release|Any CPU
	EndGlobalSection
	GlobalSection(SolutionProperties) = preSolution
		HideSolutionNode = FALSE
	EndGlobalSection
	GlobalSection(ExtensibilityGlobals) = postSolution
		SolutionGuid = {9AD56D62-315F-429C-8F39-3988C03E5716}
	EndGlobalSection
EndGlobal
